
Microsoft Visual Studio Solution File, Format Version 12.00
Project("{FAE04EC0-301F-11D3-BF4B-00C04F79EFBC}") = "API", "API\API.csproj", "{5DFDA784-CE20-46FF-9899-911808DAEBE2}"
EndProject
Project("{FAE04EC0-301F-11D3-BF4B-00C04F79EFBC}") = "Domain", "Domain\Domain.csproj", "{3BECE9E3-1A25-44ED-9747-78EF387E7EF2}"
EndProject
Project("{FAE04EC0-301F-11D3-BF4B-00C04F79EFBC}") = "Application", "Application\Application.csproj", "{84597FE3-4912-4284-9875-C84C31DA6ACA}"
EndProject
Project("{FAE04EC0-301F-11D3-BF4B-00C04F79EFBC}") = "Infrastructure", "Infrastructure\Infrastructure.csproj", "{93A6CF01-691A-4565-BA92-E943D28104EB}"
EndProject
Project("{FAE04EC0-301F-11D3-BF4B-00C04F79EFBC}") = "DataAccess", "DataAccess\DataAccess.csproj", "{19793135-56B6-4F21-A6CC-379F085EDF3C}"
EndProject
Global
	GlobalSection(SolutionConfigurationPlatforms) = preSolution
		Debug|Any CPU = Debug|Any CPU
		Release|Any CPU = Release|Any CPU
	EndGlobalSection
	GlobalSection(ProjectConfigurationPlatforms) = postSolution
		{5DFDA784-CE20-46FF-9899-911808DAEBE2}.Debug|Any CPU.ActiveCfg = Debug|Any CPU
		{5DFDA784-CE20-46FF-9899-911808DAEBE2}.Debug|Any CPU.Build.0 = Debug|Any CPU
		{5DFDA784-CE20-46FF-9899-911808DAEBE2}.Release|Any CPU.ActiveCfg = Release|Any CPU
		{5DFDA784-CE20-46FF-9899-911808DAEBE2}.Release|Any CPU.Build.0 = Release|Any CPU
		{3BECE9E3-1A25-44ED-9747-78EF387E7EF2}.Debug|Any CPU.ActiveCfg = Debug|Any CPU
		{3BECE9E3-1A25-44ED-9747-78EF387E7EF2}.Debug|Any CPU.Build.0 = Debug|Any CPU
		{3BECE9E3-1A25-44ED-9747-78EF387E7EF2}.Release|Any CPU.ActiveCfg = Release|Any CPU
		{3BECE9E3-1A25-44ED-9747-78EF387E7EF2}.Release|Any CPU.Build.0 = Release|Any CPU
		{84597FE3-4912-4284-9875-C84C31DA6ACA}.Debug|Any CPU.ActiveCfg = Debug|Any CPU
		{84597FE3-4912-4284-9875-C84C31DA6ACA}.Debug|Any CPU.Build.0 = Debug|Any CPU
		{84597FE3-4912-4284-9875-C84C31DA6ACA}.Release|Any CPU.ActiveCfg = Release|Any CPU
		{84597FE3-4912-4284-9875-C84C31DA6ACA}.Release|Any CPU.Build.0 = Release|Any CPU
		{93A6CF01-691A-4565-BA92-E943D28104EB}.Debug|Any CPU.ActiveCfg = Debug|Any CPU
		{93A6CF01-691A-4565-BA92-E943D28104EB}.Debug|Any CPU.Build.0 = Debug|Any CPU
		{93A6CF01-691A-4565-BA92-E943D28104EB}.Release|Any CPU.ActiveCfg = Release|Any CPU
		{93A6CF01-691A-4565-BA92-E943D28104EB}.Release|Any CPU.Build.0 = Release|Any CPU
		{19793135-56B6-4F21-A6CC-379F085EDF3C}.Debug|Any CPU.ActiveCfg = Debug|Any CPU
		{19793135-56B6-4F21-A6CC-379F085EDF3C}.Debug|Any CPU.Build.0 = Debug|Any CPU
		{19793135-56B6-4F21-A6CC-379F085EDF3C}.Release|Any CPU.ActiveCfg = Release|Any CPU
		{19793135-56B6-4F21-A6CC-379F085EDF3C}.Release|Any CPU.Build.0 = Release|Any CPU
	EndGlobalSection
EndGlobal
